
Microsoft Visual Studio Solution File, Format Version 12.00
# Visual Studio Version 16
VisualStudioVersion = 16.0.29215.179
MinimumVisualStudioVersion = 10.0.40219.1
Project("{FAE04EC0-301F-11D3-BF4B-00C04F79EFBC}") = "NameSpace And Class Test", "NameSpace And Class Test\NameSpace And Class Test.csproj", "{9E3D101F-B523-4979-A899-DA26132B6BAB}"
EndProject
Global
	GlobalSection(SolutionConfigurationPlatforms) = preSolution
		Debug|Any CPU = Debug|Any CPU
		Release|Any CPU = Release|Any CPU
	EndGlobalSection
	GlobalSection(ProjectConfigurationPlatforms) = postSolution
		{9E3D101F-B523-4979-A899-DA26132B6BAB}.Debug|Any CPU.ActiveCfg = Debug|Any CPU
		{9E3D101F-B523-4979-A899-DA26132B6BAB}.Debug|Any CPU.Build.0 = Debug|Any CPU
		{9E3D101F-B523-4979-A899-DA26132B6BAB}.Release|Any CPU.ActiveCfg = Release|Any CPU
		{9E3D101F-B523-4979-A899-DA26132B6BAB}.Release|Any CPU.Build.0 = Release|Any CPU
	EndGlobalSection
	GlobalSection(SolutionProperties) = preSolution
		HideSolutionNode = FALSE
	EndGlobalSection
	GlobalSection(ExtensibilityGlobals) = postSolution
		SolutionGuid = {0C9866A5-D9E9-4205-93B1-2EA3FB1156D6}
	EndGlobalSection
EndGlobal
